
Microsoft Visual Studio Solution File, Format Version 12.00
# Visual Studio Version 17
VisualStudioVersion = 17.5.33502.453
MinimumVisualStudioVersion = 10.0.40219.1
Project("{FAE04EC0-301F-11D3-BF4B-00C04F79EFBC}") = "catchmusic", "catchmusic\catchmusic.csproj", "{C684D360-C2CE-4977-8CAF-2ABB1FC79AA9}"
EndProject
Global
	GlobalSection(SolutionConfigurationPlatforms) = preSolution
		Debug|Any CPU = Debug|Any CPU
		Release|Any CPU = Release|Any CPU
	EndGlobalSection
	GlobalSection(ProjectConfigurationPlatforms) = postSolution
		{C684D360-C2CE-4977-8CAF-2ABB1FC79AA9}.Debug|Any CPU.ActiveCfg = Debug|Any CPU
		{C684D360-C2CE-4977-8CAF-2ABB1FC79AA9}.Debug|Any CPU.Build.0 = Debug|Any CPU
		{C684D360-C2CE-4977-8CAF-2ABB1FC79AA9}.Release|Any CPU.ActiveCfg = Release|Any CPU
		{C684D360-C2CE-4977-8CAF-2ABB1FC79AA9}.Release|Any CPU.Build.0 = Release|Any CPU
	EndGlobalSection
	GlobalSection(SolutionProperties) = preSolution
		HideSolutionNode = FALSE
	EndGlobalSection
	GlobalSection(ExtensibilityGlobals) = postSolution
		SolutionGuid = {7859C915-A900-4E3A-8C7B-68C42C8F11F7}
	EndGlobalSection
EndGlobal
