
Microsoft Visual Studio Solution File, Format Version 12.00
# Visual Studio Version 17
VisualStudioVersion = 17.5.33516.290
MinimumVisualStudioVersion = 10.0.40219.1
Project("{FAE04EC0-301F-11D3-BF4B-00C04F79EFBC}") = "design", "Design2\design.csproj", "{08F54CF1-BDE4-42B3-AE2C-57090E2BEEFE}"
EndProject
Global
	GlobalSection(SolutionConfigurationPlatforms) = preSolution
		Debug|Any CPU = Debug|Any CPU
		Release|Any CPU = Release|Any CPU
	EndGlobalSection
	GlobalSection(ProjectConfigurationPlatforms) = postSolution
		{08F54CF1-BDE4-42B3-AE2C-57090E2BEEFE}.Debug|Any CPU.ActiveCfg = Debug|Any CPU
		{08F54CF1-BDE4-42B3-AE2C-57090E2BEEFE}.Debug|Any CPU.Build.0 = Debug|Any CPU
		{08F54CF1-BDE4-42B3-AE2C-57090E2BEEFE}.Release|Any CPU.ActiveCfg = Release|Any CPU
		{08F54CF1-BDE4-42B3-AE2C-57090E2BEEFE}.Release|Any CPU.Build.0 = Release|Any CPU
	EndGlobalSection
	GlobalSection(SolutionProperties) = preSolution
		HideSolutionNode = FALSE
	EndGlobalSection
	GlobalSection(ExtensibilityGlobals) = postSolution
		SolutionGuid = {3871C466-3C7F-4BEA-BAAB-76233D939CAE}
	EndGlobalSection
EndGlobal
