
Microsoft Visual Studio Solution File, Format Version 12.00
# Visual Studio Version 17
VisualStudioVersion = 17.4.33110.190
MinimumVisualStudioVersion = 10.0.40219.1
Project("{FAE04EC0-301F-11D3-BF4B-00C04F79EFBC}") = "Login_test3", "Login_test3\Login_test3.csproj", "{4213A1A0-BCEB-4029-942E-153F86BC7485}"
EndProject
Global
	GlobalSection(SolutionConfigurationPlatforms) = preSolution
		Debug|Any CPU = Debug|Any CPU
		Release|Any CPU = Release|Any CPU
	EndGlobalSection
	GlobalSection(ProjectConfigurationPlatforms) = postSolution
		{4213A1A0-BCEB-4029-942E-153F86BC7485}.Debug|Any CPU.ActiveCfg = Debug|Any CPU
		{4213A1A0-BCEB-4029-942E-153F86BC7485}.Debug|Any CPU.Build.0 = Debug|Any CPU
		{4213A1A0-BCEB-4029-942E-153F86BC7485}.Release|Any CPU.ActiveCfg = Release|Any CPU
		{4213A1A0-BCEB-4029-942E-153F86BC7485}.Release|Any CPU.Build.0 = Release|Any CPU
	EndGlobalSection
	GlobalSection(SolutionProperties) = preSolution
		HideSolutionNode = FALSE
	EndGlobalSection
	GlobalSection(ExtensibilityGlobals) = postSolution
		SolutionGuid = {B9BE30A9-88A0-4512-BD3E-5C0032D140BA}
	EndGlobalSection
EndGlobal
