
Microsoft Visual Studio Solution File, Format Version 12.00
# Visual Studio Version 17
VisualStudioVersion = 17.3.32929.385
MinimumVisualStudioVersion = 10.0.40219.1
Project("{FAE04EC0-301F-11D3-BF4B-00C04F79EFBC}") = "Catch_Music", "Catch_Music\Catch_Music.csproj", "{ECDB60CE-7076-47B3-8A69-2867CD8D0004}"
EndProject
Global
	GlobalSection(SolutionConfigurationPlatforms) = preSolution
		Debug|Any CPU = Debug|Any CPU
		Release|Any CPU = Release|Any CPU
	EndGlobalSection
	GlobalSection(ProjectConfigurationPlatforms) = postSolution
		{ECDB60CE-7076-47B3-8A69-2867CD8D0004}.Debug|Any CPU.ActiveCfg = Debug|Any CPU
		{ECDB60CE-7076-47B3-8A69-2867CD8D0004}.Debug|Any CPU.Build.0 = Debug|Any CPU
		{ECDB60CE-7076-47B3-8A69-2867CD8D0004}.Release|Any CPU.ActiveCfg = Release|Any CPU
		{ECDB60CE-7076-47B3-8A69-2867CD8D0004}.Release|Any CPU.Build.0 = Release|Any CPU
	EndGlobalSection
	GlobalSection(SolutionProperties) = preSolution
		HideSolutionNode = FALSE
	EndGlobalSection
	GlobalSection(ExtensibilityGlobals) = postSolution
		SolutionGuid = {7C5B90C7-067F-4817-9FB8-3542887A7A84}
	EndGlobalSection
EndGlobal
